
Microsoft Visual Studio Solution File, Format Version 12.00
# Visual Studio 15
VisualStudioVersion = 15.0.26124.0
MinimumVisualStudioVersion = 15.0.26124.0
Project("{2150E333-8FDC-42A3-9474-1A3956D46DE8}") = "src", "src", "{B2622EBE-F250-4A4D-97CD-CA21F404CB07}"
EndProject
Project("{FAE04EC0-301F-11D3-BF4B-00C04F79EFBC}") = "CursoOnline.Dados", "src\CursoOnline.Dados\CursoOnline.Dados.csproj", "{47DEB33F-8324-49BF-AA30-7715B82315CC}"
EndProject
Project("{FAE04EC0-301F-11D3-BF4B-00C04F79EFBC}") = "CursoOnline.Dominio", "src\CursoOnline.Dominio\CursoOnline.Dominio.csproj", "{1A3D863C-D9F0-4438-A685-7B76D41767A4}"
EndProject
Project("{FAE04EC0-301F-11D3-BF4B-00C04F79EFBC}") = "CursoOnline.Ioc", "src\CursoOnline.Ioc\CursoOnline.Ioc.csproj", "{800C3DB1-842B-4277-8AF5-0195B9406D6B}"
EndProject
Project("{FAE04EC0-301F-11D3-BF4B-00C04F79EFBC}") = "CursoOnline.Web", "src\CursoOnline.Web\CursoOnline.Web.csproj", "{E70C99A2-1F2F-4C61-A623-138E62A583FF}"
EndProject
Project("{2150E333-8FDC-42A3-9474-1A3956D46DE8}") = "tests", "tests", "{34DB5160-8111-4D09-830C-43D7589F885E}"
EndProject
Project("{FAE04EC0-301F-11D3-BF4B-00C04F79EFBC}") = "CursoOnline.DominioTest", "tests\CursoOnline.DominioTest\CursoOnline.DominioTest.csproj", "{F5291375-027A-43B4-B407-577A21E6B637}"
EndProject
Project("{FAE04EC0-301F-11D3-BF4B-00C04F79EFBC}") = "CursoOnline.Api", "src\CursoOnline.Api\CursoOnline.Api.csproj", "{4E6C71E9-A918-42FD-BAC8-ECC887E2F9A4}"
EndProject
Global
	GlobalSection(SolutionConfigurationPlatforms) = preSolution
		Debug|Any CPU = Debug|Any CPU
		Debug|x64 = Debug|x64
		Debug|x86 = Debug|x86
		Release|Any CPU = Release|Any CPU
		Release|x64 = Release|x64
		Release|x86 = Release|x86
	EndGlobalSection
	GlobalSection(SolutionProperties) = preSolution
		HideSolutionNode = FALSE
	EndGlobalSection
	GlobalSection(ProjectConfigurationPlatforms) = postSolution
		{47DEB33F-8324-49BF-AA30-7715B82315CC}.Debug|Any CPU.ActiveCfg = Debug|Any CPU
		{47DEB33F-8324-49BF-AA30-7715B82315CC}.Debug|Any CPU.Build.0 = Debug|Any CPU
		{47DEB33F-8324-49BF-AA30-7715B82315CC}.Debug|x64.ActiveCfg = Debug|Any CPU
		{47DEB33F-8324-49BF-AA30-7715B82315CC}.Debug|x64.Build.0 = Debug|Any CPU
		{47DEB33F-8324-49BF-AA30-7715B82315CC}.Debug|x86.ActiveCfg = Debug|Any CPU
		{47DEB33F-8324-49BF-AA30-7715B82315CC}.Debug|x86.Build.0 = Debug|Any CPU
		{47DEB33F-8324-49BF-AA30-7715B82315CC}.Release|Any CPU.ActiveCfg = Release|Any CPU
		{47DEB33F-8324-49BF-AA30-7715B82315CC}.Release|Any CPU.Build.0 = Release|Any CPU
		{47DEB33F-8324-49BF-AA30-7715B82315CC}.Release|x64.ActiveCfg = Release|Any CPU
		{47DEB33F-8324-49BF-AA30-7715B82315CC}.Release|x64.Build.0 = Release|Any CPU
		{47DEB33F-8324-49BF-AA30-7715B82315CC}.Release|x86.ActiveCfg = Release|Any CPU
		{47DEB33F-8324-49BF-AA30-7715B82315CC}.Release|x86.Build.0 = Release|Any CPU
		{1A3D863C-D9F0-4438-A685-7B76D41767A4}.Debug|Any CPU.ActiveCfg = Debug|Any CPU
		{1A3D863C-D9F0-4438-A685-7B76D41767A4}.Debug|Any CPU.Build.0 = Debug|Any CPU
		{1A3D863C-D9F0-4438-A685-7B76D41767A4}.Debug|x64.ActiveCfg = Debug|Any CPU
		{1A3D863C-D9F0-4438-A685-7B76D41767A4}.Debug|x64.Build.0 = Debug|Any CPU
		{1A3D863C-D9F0-4438-A685-7B76D41767A4}.Debug|x86.ActiveCfg = Debug|Any CPU
		{1A3D863C-D9F0-4438-A685-7B76D41767A4}.Debug|x86.Build.0 = Debug|Any CPU
		{1A3D863C-D9F0-4438-A685-7B76D41767A4}.Release|Any CPU.ActiveCfg = Release|Any CPU
		{1A3D863C-D9F0-4438-A685-7B76D41767A4}.Release|Any CPU.Build.0 = Release|Any CPU
		{1A3D863C-D9F0-4438-A685-7B76D41767A4}.Release|x64.ActiveCfg = Release|Any CPU
		{1A3D863C-D9F0-4438-A685-7B76D41767A4}.Release|x64.Build.0 = Release|Any CPU
		{1A3D863C-D9F0-4438-A685-7B76D41767A4}.Release|x86.ActiveCfg = Release|Any CPU
		{1A3D863C-D9F0-4438-A685-7B76D41767A4}.Release|x86.Build.0 = Release|Any CPU
		{800C3DB1-842B-4277-8AF5-0195B9406D6B}.Debug|Any CPU.ActiveCfg = Debug|Any CPU
		{800C3DB1-842B-4277-8AF5-0195B9406D6B}.Debug|Any CPU.Build.0 = Debug|Any CPU
		{800C3DB1-842B-4277-8AF5-0195B9406D6B}.Debug|x64.ActiveCfg = Debug|Any CPU
		{800C3DB1-842B-4277-8AF5-0195B9406D6B}.Debug|x64.Build.0 = Debug|Any CPU
		{800C3DB1-842B-4277-8AF5-0195B9406D6B}.Debug|x86.ActiveCfg = Debug|Any CPU
		{800C3DB1-842B-4277-8AF5-0195B9406D6B}.Debug|x86.Build.0 = Debug|Any CPU
		{800C3DB1-842B-4277-8AF5-0195B9406D6B}.Release|Any CPU.ActiveCfg = Release|Any CPU
		{800C3DB1-842B-4277-8AF5-0195B9406D6B}.Release|Any CPU.Build.0 = Release|Any CPU
		{800C3DB1-842B-4277-8AF5-0195B9406D6B}.Release|x64.ActiveCfg = Release|Any CPU
		{800C3DB1-842B-4277-8AF5-0195B9406D6B}.Release|x64.Build.0 = Release|Any CPU
		{800C3DB1-842B-4277-8AF5-0195B9406D6B}.Release|x86.ActiveCfg = Release|Any CPU
		{800C3DB1-842B-4277-8AF5-0195B9406D6B}.Release|x86.Build.0 = Release|Any CPU
		{E70C99A2-1F2F-4C61-A623-138E62A583FF}.Debug|Any CPU.ActiveCfg = Debug|Any CPU
		{E70C99A2-1F2F-4C61-A623-138E62A583FF}.Debug|Any CPU.Build.0 = Debug|Any CPU
		{E70C99A2-1F2F-4C61-A623-138E62A583FF}.Debug|x64.ActiveCfg = Debug|Any CPU
		{E70C99A2-1F2F-4C61-A623-138E62A583FF}.Debug|x64.Build.0 = Debug|Any CPU
		{E70C99A2-1F2F-4C61-A623-138E62A583FF}.Debug|x86.ActiveCfg = Debug|Any CPU
		{E70C99A2-1F2F-4C61-A623-138E62A583FF}.Debug|x86.Build.0 = Debug|Any CPU
		{E70C99A2-1F2F-4C61-A623-138E62A583FF}.Release|Any CPU.ActiveCfg = Release|Any CPU
		{E70C99A2-1F2F-4C61-A623-138E62A583FF}.Release|Any CPU.Build.0 = Release|Any CPU
		{E70C99A2-1F2F-4C61-A623-138E62A583FF}.Release|x64.ActiveCfg = Release|Any CPU
		{E70C99A2-1F2F-4C61-A623-138E62A583FF}.Release|x64.Build.0 = Release|Any CPU
		{E70C99A2-1F2F-4C61-A623-138E62A583FF}.Release|x86.ActiveCfg = Release|Any CPU
		{E70C99A2-1F2F-4C61-A623-138E62A583FF}.Release|x86.Build.0 = Release|Any CPU
		{F5291375-027A-43B4-B407-577A21E6B637}.Debug|Any CPU.ActiveCfg = Debug|Any CPU
		{F5291375-027A-43B4-B407-577A21E6B637}.Debug|Any CPU.Build.0 = Debug|Any CPU
		{F5291375-027A-43B4-B407-577A21E6B637}.Debug|x64.ActiveCfg = Debug|Any CPU
		{F5291375-027A-43B4-B407-577A21E6B637}.Debug|x64.Build.0 = Debug|Any CPU
		{F5291375-027A-43B4-B407-577A21E6B637}.Debug|x86.ActiveCfg = Debug|Any CPU
		{F5291375-027A-43B4-B407-577A21E6B637}.Debug|x86.Build.0 = Debug|Any CPU
		{F5291375-027A-43B4-B407-577A21E6B637}.Release|Any CPU.ActiveCfg = Release|Any CPU
		{F5291375-027A-43B4-B407-577A21E6B637}.Release|Any CPU.Build.0 = Release|Any CPU
		{F5291375-027A-43B4-B407-577A21E6B637}.Release|x64.ActiveCfg = Release|Any CPU
		{F5291375-027A-43B4-B407-577A21E6B637}.Release|x64.Build.0 = Release|Any CPU
		{F5291375-027A-43B4-B407-577A21E6B637}.Release|x86.ActiveCfg = Release|Any CPU
		{F5291375-027A-43B4-B407-577A21E6B637}.Release|x86.Build.0 = Release|Any CPU
		{4E6C71E9-A918-42FD-BAC8-ECC887E2F9A4}.Debug|Any CPU.ActiveCfg = Debug|Any CPU
		{4E6C71E9-A918-42FD-BAC8-ECC887E2F9A4}.Debug|Any CPU.Build.0 = Debug|Any CPU
		{4E6C71E9-A918-42FD-BAC8-ECC887E2F9A4}.Debug|x64.ActiveCfg = Debug|Any CPU
		{4E6C71E9-A918-42FD-BAC8-ECC887E2F9A4}.Debug|x64.Build.0 = Debug|Any CPU
		{4E6C71E9-A918-42FD-BAC8-ECC887E2F9A4}.Debug|x86.ActiveCfg = Debug|Any CPU
		{4E6C71E9-A918-42FD-BAC8-ECC887E2F9A4}.Debug|x86.Build.0 = Debug|Any CPU
		{4E6C71E9-A918-42FD-BAC8-ECC887E2F9A4}.Release|Any CPU.ActiveCfg = Release|Any CPU
		{4E6C71E9-A918-42FD-BAC8-ECC887E2F9A4}.Release|Any CPU.Build.0 = Release|Any CPU
		{4E6C71E9-A918-42FD-BAC8-ECC887E2F9A4}.Release|x64.ActiveCfg = Release|Any CPU
		{4E6C71E9-A918-42FD-BAC8-ECC887E2F9A4}.Release|x64.Build.0 = Release|Any CPU
		{4E6C71E9-A918-42FD-BAC8-ECC887E2F9A4}.Release|x86.ActiveCfg = Release|Any CPU
		{4E6C71E9-A918-42FD-BAC8-ECC887E2F9A4}.Release|x86.Build.0 = Release|Any CPU
	EndGlobalSection
	GlobalSection(NestedProjects) = preSolution
		{47DEB33F-8324-49BF-AA30-7715B82315CC} = {B2622EBE-F250-4A4D-97CD-CA21F404CB07}
		{1A3D863C-D9F0-4438-A685-7B76D41767A4} = {B2622EBE-F250-4A4D-97CD-CA21F404CB07}
		{800C3DB1-842B-4277-8AF5-0195B9406D6B} = {B2622EBE-F250-4A4D-97CD-CA21F404CB07}
		{E70C99A2-1F2F-4C61-A623-138E62A583FF} = {B2622EBE-F250-4A4D-97CD-CA21F404CB07}
		{F5291375-027A-43B4-B407-577A21E6B637} = {34DB5160-8111-4D09-830C-43D7589F885E}
		{4E6C71E9-A918-42FD-BAC8-ECC887E2F9A4} = {B2622EBE-F250-4A4D-97CD-CA21F404CB07}
	EndGlobalSection
EndGlobal
